# THIS IS AN AUTOGENERATED FILE. DO NOT EDIT THIS FILE DIRECTLY.
# yarn lockfile v1


"@pliybird/react-native-clear-cache@^1.0.0":
  version "1.0.0"
  resolved "https://registry.npmjs.org/@pliybird/react-native-clear-cache/-/react-native-clear-cache-1.0.0.tgz#df5ac6026d58cb03bda7eb091e771f5194d94624"
  integrity sha512-TTic/1CUJy3aPzgU9cUehoVSudka4ZPk8a6PYW4cfvcpkPECUxx+PKNesV0IuCFuy52YsM3mZyAR4jyUzX21AA==
